
Microsoft Visual Studio Solution File, Format Version 12.00
# Visual Studio Version 16
VisualStudioVersion = 16.0.31424.327
MinimumVisualStudioVersion = 10.0.40219.1
Project("{FAE04EC0-301F-11D3-BF4B-00C04F79EFBC}") = "ITS.Propagation.P2108", "ITS.Propagation.P2108\ITS.Propagation.P2108.csproj", "{6AA0C335-F019-4818-97B6-7B32BBE190E4}"
EndProject
Global
	GlobalSection(SolutionConfigurationPlatforms) = preSolution
		Debug|Any CPU = Debug|Any CPU
		Release|Any CPU = Release|Any CPU
	EndGlobalSection
	GlobalSection(ProjectConfigurationPlatforms) = postSolution
		{6AA0C335-F019-4818-97B6-7B32BBE190E4}.Debug|Any CPU.ActiveCfg = Debug|Any CPU
		{6AA0C335-F019-4818-97B6-7B32BBE190E4}.Debug|Any CPU.Build.0 = Debug|Any CPU
		{6AA0C335-F019-4818-97B6-7B32BBE190E4}.Release|Any CPU.ActiveCfg = Release|Any CPU
		{6AA0C335-F019-4818-97B6-7B32BBE190E4}.Release|Any CPU.Build.0 = Release|Any CPU
	EndGlobalSection
	GlobalSection(SolutionProperties) = preSolution
		HideSolutionNode = FALSE
	EndGlobalSection
	GlobalSection(ExtensibilityGlobals) = postSolution
		SolutionGuid = {629E6553-3837-4848-B309-2AB6476F731A}
	EndGlobalSection
EndGlobal
