
Microsoft Visual Studio Solution File, Format Version 12.00
# Visual Studio Version 17
VisualStudioVersion = 17.5.33516.290
MinimumVisualStudioVersion = 10.0.40219.1
Project("{FAE04EC0-301F-11D3-BF4B-00C04F79EFBC}") = "ITS.ITU.PSeries.P2108", "ITS.ITU.PSeries.P2108\ITS.ITU.PSeries.P2108.csproj", "{6AA0C335-F019-4818-97B6-7B32BBE190E4}"
EndProject
Project("{FAE04EC0-301F-11D3-BF4B-00C04F79EFBC}") = "UnitTests", "UnitTests\UnitTests.csproj", "{1FB5483E-2EED-4E27-A1D4-16646507EC9F}"
	ProjectSection(ProjectDependencies) = postProject
		{6AA0C335-F019-4818-97B6-7B32BBE190E4} = {6AA0C335-F019-4818-97B6-7B32BBE190E4}
	EndProjectSection
EndProject
Global
	GlobalSection(SolutionConfigurationPlatforms) = preSolution
		Debug|Any CPU = Debug|Any CPU
		Release|Any CPU = Release|Any CPU
	EndGlobalSection
	GlobalSection(ProjectConfigurationPlatforms) = postSolution
		{6AA0C335-F019-4818-97B6-7B32BBE190E4}.Debug|Any CPU.ActiveCfg = Debug|Any CPU
		{6AA0C335-F019-4818-97B6-7B32BBE190E4}.Debug|Any CPU.Build.0 = Debug|Any CPU
		{6AA0C335-F019-4818-97B6-7B32BBE190E4}.Release|Any CPU.ActiveCfg = Release|Any CPU
		{6AA0C335-F019-4818-97B6-7B32BBE190E4}.Release|Any CPU.Build.0 = Release|Any CPU
		{1FB5483E-2EED-4E27-A1D4-16646507EC9F}.Debug|Any CPU.ActiveCfg = Debug|Any CPU
		{1FB5483E-2EED-4E27-A1D4-16646507EC9F}.Debug|Any CPU.Build.0 = Debug|Any CPU
		{1FB5483E-2EED-4E27-A1D4-16646507EC9F}.Release|Any CPU.ActiveCfg = Release|Any CPU
		{1FB5483E-2EED-4E27-A1D4-16646507EC9F}.Release|Any CPU.Build.0 = Release|Any CPU
	EndGlobalSection
	GlobalSection(SolutionProperties) = preSolution
		HideSolutionNode = FALSE
	EndGlobalSection
	GlobalSection(ExtensibilityGlobals) = postSolution
		SolutionGuid = {629E6553-3837-4848-B309-2AB6476F731A}
	EndGlobalSection
EndGlobal
